{
  "version": 4,
  "terraform_version": "1.5.4",
  "serial": 160,
  "lineage": "8e6f2ef2-4b7f-dfcd-1768-3f805f3fb241",
  "outputs": {},
  "resources": [
    {
      "mode": "managed",
      "type": "aws_default_subnet",
      "name": "this",
      "provider": "provider[\"registry.terraform.io/hashicorp/aws\"]",
      "instances": [
        {
          "schema_version": 1,
          "attributes": {
            "arn": "arn:aws:ec2:ap-southeast-1:439148944274:subnet/subnet-0bd2f12dc5f5a7b28",
            "assign_ipv6_address_on_creation": false,
            "availability_zone": "ap-southeast-1a",
            "availability_zone_id": "apse1-az1",
            "cidr_block": "172.31.16.0/20",
            "customer_owned_ipv4_pool": "",
            "enable_dns64": false,
            "enable_lni_at_device_index": 0,
            "enable_resource_name_dns_a_record_on_launch": false,
            "enable_resource_name_dns_aaaa_record_on_launch": false,
            "existing_default_subnet": true,
            "force_destroy": false,
            "id": "subnet-0bd2f12dc5f5a7b28",
            "ipv6_cidr_block": "",
            "ipv6_cidr_block_association_id": "",
            "ipv6_native": false,
            "map_customer_owned_ip_on_launch": false,
            "map_public_ip_on_launch": true,
            "outpost_arn": "",
            "owner_id": "439148944274",
            "private_dns_hostname_type_on_launch": "ip-name",
            "tags": null,
            "tags_all": {},
            "timeouts": null,
            "vpc_id": "vpc-0664f93f559f43c93"
          },
          "sensitive_attributes": [],
          "private": "eyJlMmJmYjczMC1lY2FhLTExZTYtOGY4OC0zNDM2M2JjN2M0YzAiOnsiY3JlYXRlIjo2MDAwMDAwMDAwMDAsImRlbGV0ZSI6MTIwMDAwMDAwMDAwMH0sInNjaGVtYV92ZXJzaW9uIjoiMSJ9"
        }
      ]
    },
    {
      "module": "module.eks[\"eks_project\"]",
      "mode": "managed",
      "type": "aws_eks_cluster",
      "name": "eks",
      "provider": "provider[\"registry.terraform.io/hashicorp/aws\"]",
      "instances": [
        {
          "schema_version": 0,
          "attributes": {
            "arn": "arn:aws:eks:ap-southeast-1:439148944274:cluster/devops",
            "certificate_authority": [
              {
                "data": "LS0tLS1CRUdJTiBDRVJUSUZJQ0FURS0tLS0tCk1JSURCVENDQWUyZ0F3SUJBZ0lJSzVDVDJKdTB2SzR3RFFZSktvWklodmNOQVFFTEJRQXdGVEVUTUJFR0ExVUUKQXhNS2EzVmlaWEp1WlhSbGN6QWVGdzB5TXpFd01ERXdNVFF5TWpWYUZ3MHpNekE1TWpnd01UUXlNalZhTUJVeApFekFSQmdOVkJBTVRDbXQxWW1WeWJtVjBaWE13Z2dFaU1BMEdDU3FHU0liM0RRRUJBUVVBQTRJQkR3QXdnZ0VLCkFvSUJBUUNkeGdUZWoweDFoRXREZFM4T2ZFUEJKQncyWHUrTjcrSU1IZW1FbVU5MFZKNFNORWY2aStOV25JRkwKcnFWb1lFMmsrK2NtYzlXaFlsa2lpMVFVbjRhdkl1eHNVeENoV2lTdkF3ajhVaFF5L2pNdnBTaVU2OGw3bXM5NApHNTRNN05pME42M2pVdDY1Mmkwb1QxUWlSWGhlY21xUmJxNDNteEFLRzczKzdPSUhIWFpiNjN5V2NxV2ZNMVQ5CitUK24rUlAvMlVKRmlkTmFYWEN1QS9JSmdQTGdMeGlmMFhHK2dneHZCRzlnOWlGUzNKVTR0T09MNTZJenhoNXoKUlBIVVkwTkxNSkRkNTlFYW9VM0RVN1Z2cjJvVGZ6WWdZdnNVMlRxV0VFVUxMOVB6ZHMrSmk4VHZ2a05BbHNzbQpFcm1EbnhiS3ZrQ01XNkM0YnR0ekhuaEhKVXB0QWdNQkFBR2pXVEJYTUE0R0ExVWREd0VCL3dRRUF3SUNwREFQCkJnTlZIUk1CQWY4RUJUQURBUUgvTUIwR0ExVWREZ1FXQkJSTjdyNEowNUtNT0Y0c2k4Q01nUE4yQWQ0ZFFUQVYKQmdOVkhSRUVEakFNZ2dwcmRXSmxjbTVsZEdWek1BMEdDU3FHU0liM0RRRUJDd1VBQTRJQkFRQkRPWC8yVXcycAp1S3V3a0JJSWtHaUtpSU1kS0txazg4ZGQrRkMwSFN2Y0l4bWxlRnRvSmZ4MjFWTER2enhvVlM3aFp6RnhIY3ExCkZaZVRILzdMN090eFJBYThta1dUQU5VNzRZRVFSS1UvNUlKZjVONGdqNTVTL2xhL3A4ZlJhM3RXTDU3Nzk0ZHUKeWZVSEllaFBRRFZGalVoTDJCdndGbUViUExiYktuNWhpOHlBelZkTUkrUTdWcGpQaThEWUdhekczY25GN2lFdQpDRStISnJaWGdFd1RoSFhEaE1WaVVzMUtTem5TOXd3UXNBUHRlSFIrT0cvVi9YdDlsb1d1TkJXeXNYdTJEbFJHCjg1NG9tbm9pdmZ4MExpZ2VRV0F6dDE1ai9BeTgvelYxVzFpSFFEbTUrMkREaEpUMStQOCt4RTRwTVlna25XUmcKdUNRd1doWEFBK1VTCi0tLS0tRU5EIENFUlRJRklDQVRFLS0tLS0K"
              }
            ],
            "cluster_id": null,
            "created_at": "2023-10-01 01:38:22.394 +0000 UTC",
            "enabled_cluster_log_types": null,
            "encryption_config": [],
            "endpoint": "https://490F717DE075006419BE30857B65BB96.gr7.ap-southeast-1.eks.amazonaws.com",
            "id": "devops",
            "identity": [
              {
                "oidc": [
                  {
                    "issuer": "https://oidc.eks.ap-southeast-1.amazonaws.com/id/490F717DE075006419BE30857B65BB96"
                  }
                ]
              }
            ],
            "kubernetes_network_config": [
              {
                "ip_family": "ipv4",
                "service_ipv4_cidr": "172.20.0.0/16",
                "service_ipv6_cidr": ""
              }
            ],
            "name": "devops",
            "outpost_config": [],
            "platform_version": "eks.7",
            "role_arn": "arn:aws:iam::439148944274:role/eksmaster_iam_role3",
            "status": "ACTIVE",
            "tags": null,
            "tags_all": {},
            "timeouts": null,
            "version": "1.25",
            "vpc_config": [
              {
                "cluster_security_group_id": "sg-0ea9753c1b1e41508",
                "endpoint_private_access": false,
                "endpoint_public_access": true,
                "public_access_cidrs": [
                  "0.0.0.0/0"
                ],
                "security_group_ids": null,
                "subnet_ids": [
                  "subnet-0018f8d93bdf35f09",
                  "subnet-07f8768d856e112f1"
                ],
                "vpc_id": "vpc-031805d071d047e1e"
              }
            ]
          },
          "sensitive_attributes": [],
          "private": "eyJlMmJmYjczMC1lY2FhLTExZTYtOGY4OC0zNDM2M2JjN2M0YzAiOnsiY3JlYXRlIjoxODAwMDAwMDAwMDAwLCJkZWxldGUiOjkwMDAwMDAwMDAwMCwidXBkYXRlIjozNjAwMDAwMDAwMDAwfX0=",
          "dependencies": [
            "module.eks.aws_iam_role.master",
            "module.eks.aws_iam_role_policy_attachment.AmazonEKSClusterPolicy",
            "module.eks.aws_iam_role_policy_attachment.AmazonEKSServicePolicy",
            "module.eks.aws_iam_role_policy_attachment.AmazonEKSVPCResourceController",
            "module.network.aws_eip.nat",
            "module.network.aws_internet_gateway.this",
            "module.network.aws_nat_gateway.this",
            "module.network.aws_route.private_rt_routes",
            "module.network.aws_route.public_rt_routes",
            "module.network.aws_route_table.private_rt",
            "module.network.aws_route_table.public_rt",
            "module.network.aws_route_table_association.private_subnet_asso",
            "module.network.aws_route_table_association.public_subnet_asso",
            "module.network.aws_subnet.private_subnets",
            "module.network.aws_subnet.public_subnets",
            "module.network.aws_vpc.this"
          ]
        }
      ]
    },
    {
      "module": "module.eks[\"eks_project\"]",
      "mode": "managed",
      "type": "aws_eks_node_group",
      "name": "frontend",
      "provider": "provider[\"registry.terraform.io/hashicorp/aws\"]",
      "instances": [
        {
          "schema_version": 0,
          "attributes": {
            "ami_type": "AL2_x86_64",
            "arn": "arn:aws:eks:ap-southeast-1:439148944274:nodegroup/devops/prod/f8c57474-6025-303d-921c-5bf38a9c2a85",
            "capacity_type": "ON_DEMAND",
            "cluster_name": "devops",
            "disk_size": 30,
            "force_update_version": null,
            "id": "devops:prod",
            "instance_types": [
              "t3.2xlarge"
            ],
            "labels": null,
            "launch_template": [],
            "node_group_name": "prod",
            "node_group_name_prefix": "",
            "node_role_arn": "arn:aws:iam::439148944274:role/eksworker_iam_role3",
            "release_version": "1.25.13-20230919",
            "remote_access": [
              {
                "ec2_ssh_key": "devops",
                "source_security_group_ids": [
                  "sg-0fe66b0fb94cfe234"
                ]
              }
            ],
            "resources": [
              {
                "autoscaling_groups": [
                  {
                    "name": "eks-prod-f8c57474-6025-303d-921c-5bf38a9c2a85"
                  }
                ],
                "remote_access_security_group_id": "sg-054dfd52b71b49991"
              }
            ],
            "scaling_config": [
              {
                "desired_size": 1,
                "max_size": 3,
                "min_size": 1
              }
            ],
            "status": "ACTIVE",
            "subnet_ids": [
              "subnet-0018f8d93bdf35f09",
              "subnet-07f8768d856e112f1"
            ],
            "tags": null,
            "tags_all": {},
            "taint": [],
            "timeouts": null,
            "update_config": [
              {
                "max_unavailable": 1,
                "max_unavailable_percentage": 0
              }
            ],
            "version": "1.25"
          },
          "sensitive_attributes": [],
          "private": "eyJlMmJmYjczMC1lY2FhLTExZTYtOGY4OC0zNDM2M2JjN2M0YzAiOnsiY3JlYXRlIjozNjAwMDAwMDAwMDAwLCJkZWxldGUiOjM2MDAwMDAwMDAwMDAsInVwZGF0ZSI6MzYwMDAwMDAwMDAwMH19",
          "dependencies": [
            "aws_default_subnet.this",
            "module.eks.aws_eks_cluster.eks",
            "module.eks.aws_iam_role.master",
            "module.eks.aws_iam_role.worker",
            "module.eks.aws_iam_role_policy_attachment.AmazonEC2ContainerRegistryReadOnly",
            "module.eks.aws_iam_role_policy_attachment.AmazonEKSClusterPolicy",
            "module.eks.aws_iam_role_policy_attachment.AmazonEKSServicePolicy",
            "module.eks.aws_iam_role_policy_attachment.AmazonEKSVPCResourceController",
            "module.eks.aws_iam_role_policy_attachment.AmazonEKSWorkerNodePolicy",
            "module.eks.aws_iam_role_policy_attachment.AmazonEKS_CNI_Policy",
            "module.network.aws_eip.nat",
            "module.network.aws_internet_gateway.this",
            "module.network.aws_nat_gateway.this",
            "module.network.aws_route.private_rt_routes",
            "module.network.aws_route.public_rt_routes",
            "module.network.aws_route_table.private_rt",
            "module.network.aws_route_table.public_rt",
            "module.network.aws_route_table_association.private_subnet_asso",
            "module.network.aws_route_table_association.public_subnet_asso",
            "module.network.aws_subnet.private_subnets",
            "module.network.aws_subnet.public_subnets",
            "module.network.aws_vpc.this",
            "module.sg.aws_security_group.this"
          ]
        }
      ]
    },
    {
      "module": "module.eks[\"eks_project\"]",
      "mode": "managed",
      "type": "aws_iam_instance_profile",
      "name": "worker",
      "provider": "provider[\"registry.terraform.io/hashicorp/aws\"]",
      "instances": [
        {
          "schema_version": 0,
          "attributes": {
            "arn": "arn:aws:iam::439148944274:instance-profile/ed-eks-worker-profile",
            "create_date": "2023-10-01T01:36:04Z",
            "id": "ed-eks-worker-profile",
            "name": "ed-eks-worker-profile",
            "name_prefix": "",
            "path": "/",
            "role": "eksworker_iam_role3",
            "tags": null,
            "tags_all": {},
            "unique_id": "AIPAWMP2RDOJKLPXYKGW6"
          },
          "sensitive_attributes": [],
          "private": "bnVsbA==",
          "dependencies": [
            "module.eks.aws_iam_role.worker"
          ]
        }
      ]
    },
    {
      "module": "module.eks[\"eks_project\"]",
      "mode": "managed",
      "type": "aws_iam_policy",
      "name": "autoscaler",
      "provider": "provider[\"registry.terraform.io/hashicorp/aws\"]",
      "instances": [
        {
          "schema_version": 0,
          "attributes": {
            "arn": "arn:aws:iam::439148944274:policy/autoscaler_role",
            "description": "",
            "id": "arn:aws:iam::439148944274:policy/autoscaler_role",
            "name": "autoscaler_role",
            "name_prefix": "",
            "path": "/",
            "policy": "{\"Statement\":[{\"Action\":[\"autoscaling:DescribeAutoScalingGroups\",\"autoscaling:DescribeAutoScalingInstances\",\"autoscaling:DescribeTags\",\"autoscaling:DescribeLaunchConfigurations\",\"autoscaling:SetDesiredCapacity\",\"autoscaling:TerminateInstanceInAutoScalingGroup\",\"ec2:DescribeLaunchTemplateVersions\"],\"Effect\":\"Allow\",\"Resource\":\"*\"},{\"Action\":[\"iam:CreateServiceLinkedRole\",\"ec2:DescribeAccountAttributes\",\"ec2:DescribeAddresses\",\"ec2:DescribeAvailabilityZones\",\"ec2:DescribeInternetGateways\",\"ec2:DescribeVpcs\",\"ec2:DescribeSubnets\",\"ec2:DescribeSecurityGroups\",\"ec2:DescribeInstances\",\"ec2:DescribeNetworkInterfaces\",\"ec2:DescribeTags\",\"ec2:GetCoipPoolUsage\",\"ec2:DescribeCoipPools\",\"elasticloadbalancing:DescribeLoadBalancers\",\"elasticloadbalancing:DescribeLoadBalancerAttributes\",\"elasticloadbalancing:DescribeListeners\",\"elasticloadbalancing:DescribeListenerCertificates\",\"elasticloadbalancing:DescribeSSLPolicies\",\"elasticloadbalancing:DescribeRules\",\"elasticloadbalancing:DescribeTargetGroups\",\"elasticloadbalancing:DescribeTargetGroupAttributes\",\"elasticloadbalancing:DescribeTargetHealth\",\"elasticloadbalancing:DescribeTags\"],\"Effect\":\"Allow\",\"Resource\":\"*\"},{\"Action\":[\"cognito-idp:DescribeUserPoolClient\",\"acm:ListCertificates\",\"acm:DescribeCertificate\",\"iam:ListServerCertificates\",\"iam:GetServerCertificate\",\"waf-regional:GetWebACL\",\"waf-regional:GetWebACLForResource\",\"waf-regional:AssociateWebACL\",\"waf-regional:DisassociateWebACL\",\"wafv2:GetWebACL\",\"wafv2:GetWebACLForResource\",\"wafv2:AssociateWebACL\",\"wafv2:DisassociateWebACL\",\"shield:GetSubscriptionState\",\"shield:DescribeProtection\",\"shield:CreateProtection\",\"shield:DeleteProtection\"],\"Effect\":\"Allow\",\"Resource\":\"*\"},{\"Action\":[\"ec2:AuthorizeSecurityGroupIngress\",\"ec2:RevokeSecurityGroupIngress\"],\"Effect\":\"Allow\",\"Resource\":\"*\"},{\"Action\":[\"ec2:CreateSecurityGroup\"],\"Effect\":\"Allow\",\"Resource\":\"*\"},{\"Action\":[\"ec2:CreateTags\"],\"Condition\":{\"Null\":{\"aws:RequestTag/elbv2.k8s.aws/cluster\":\"false\"},\"StringEquals\":{\"ec2:CreateAction\":\"CreateSecurityGroup\"}},\"Effect\":\"Allow\",\"Resource\":\"arn:aws:ec2:*:*:security-group/*\"},{\"Action\":[\"ec2:CreateTags\",\"ec2:DeleteTags\"],\"Condition\":{\"Null\":{\"aws:RequestTag/elbv2.k8s.aws/cluster\":\"true\",\"aws:ResourceTag/elbv2.k8s.aws/cluster\":\"false\"}},\"Effect\":\"Allow\",\"Resource\":\"arn:aws:ec2:*:*:security-group/*\"},{\"Action\":[\"ec2:AuthorizeSecurityGroupIngress\",\"ec2:RevokeSecurityGroupIngress\",\"ec2:DeleteSecurityGroup\"],\"Condition\":{\"Null\":{\"aws:ResourceTag/elbv2.k8s.aws/cluster\":\"false\"}},\"Effect\":\"Allow\",\"Resource\":\"*\"},{\"Action\":[\"elasticloadbalancing:CreateLoadBalancer\",\"elasticloadbalancing:CreateTargetGroup\"],\"Condition\":{\"Null\":{\"aws:RequestTag/elbv2.k8s.aws/cluster\":\"false\"}},\"Effect\":\"Allow\",\"Resource\":\"*\"},{\"Action\":[\"elasticloadbalancing:CreateListener\",\"elasticloadbalancing:DeleteListener\",\"elasticloadbalancing:CreateRule\",\"elasticloadbalancing:DeleteRule\"],\"Effect\":\"Allow\",\"Resource\":\"*\"},{\"Action\":[\"elasticloadbalancing:AddTags\",\"elasticloadbalancing:RemoveTags\"],\"Condition\":{\"Null\":{\"aws:RequestTag/elbv2.k8s.aws/cluster\":\"true\",\"aws:ResourceTag/elbv2.k8s.aws/cluster\":\"false\"}},\"Effect\":\"Allow\",\"Resource\":[\"arn:aws:elasticloadbalancing:*:*:targetgroup/*/*\",\"arn:aws:elasticloadbalancing:*:*:loadbalancer/net/*/*\",\"arn:aws:elasticloadbalancing:*:*:loadbalancer/app/*/*\"]},{\"Action\":[\"elasticloadbalancing:AddTags\",\"elasticloadbalancing:RemoveTags\"],\"Effect\":\"Allow\",\"Resource\":[\"arn:aws:elasticloadbalancing:*:*:listener/net/*/*/*\",\"arn:aws:elasticloadbalancing:*:*:listener/app/*/*/*\",\"arn:aws:elasticloadbalancing:*:*:listener-rule/net/*/*/*\",\"arn:aws:elasticloadbalancing:*:*:listener-rule/app/*/*/*\"]},{\"Action\":[\"elasticloadbalancing:ModifyLoadBalancerAttributes\",\"elasticloadbalancing:SetIpAddressType\",\"elasticloadbalancing:SetSecurityGroups\",\"elasticloadbalancing:SetSubnets\",\"elasticloadbalancing:DeleteLoadBalancer\",\"elasticloadbalancing:ModifyTargetGroup\",\"elasticloadbalancing:ModifyTargetGroupAttributes\",\"elasticloadbalancing:DeleteTargetGroup\"],\"Condition\":{\"Null\":{\"aws:ResourceTag/elbv2.k8s.aws/cluster\":\"false\"}},\"Effect\":\"Allow\",\"Resource\":\"*\"},{\"Action\":[\"elasticloadbalancing:RegisterTargets\",\"elasticloadbalancing:DeregisterTargets\"],\"Effect\":\"Allow\",\"Resource\":\"arn:aws:elasticloadbalancing:*:*:targetgroup/*/*\"},{\"Action\":[\"elasticloadbalancing:SetWebAcl\",\"elasticloadbalancing:ModifyListener\",\"elasticloadbalancing:AddListenerCertificates\",\"elasticloadbalancing:RemoveListenerCertificates\",\"elasticloadbalancing:ModifyRule\"],\"Effect\":\"Allow\",\"Resource\":\"*\"}],\"Version\":\"2012-10-17\"}",
            "policy_id": "ANPAWMP2RDOJFNH72YF6S",
            "tags": null,
            "tags_all": {}
          },
          "sensitive_attributes": [],
          "private": "bnVsbA=="
        }
      ]
    },
    {
      "module": "module.eks[\"eks_project\"]",
      "mode": "managed",
      "type": "aws_iam_role",
      "name": "master",
      "provider": "provider[\"registry.terraform.io/hashicorp/aws\"]",
      "instances": [
        {
          "schema_version": 0,
          "attributes": {
            "arn": "arn:aws:iam::439148944274:role/eksmaster_iam_role3",
            "assume_role_policy": "{\"Statement\":[{\"Action\":\"sts:AssumeRole\",\"Effect\":\"Allow\",\"Principal\":{\"Service\":\"eks.amazonaws.com\"}}],\"Version\":\"2012-10-17\"}",
            "create_date": "2023-10-01T01:36:02Z",
            "description": "",
            "force_detach_policies": false,
            "id": "eksmaster_iam_role3",
            "inline_policy": [],
            "managed_policy_arns": [],
            "max_session_duration": 3600,
            "name": "eksmaster_iam_role3",
            "name_prefix": "",
            "path": "/",
            "permissions_boundary": null,
            "role_last_used": [
              {
                "last_used_date": "",
                "region": ""
              }
            ],
            "tags": null,
            "tags_all": {},
            "unique_id": "AROAWMP2RDOJLZDTSIAOZ"
          },
          "sensitive_attributes": [],
          "private": "bnVsbA=="
        }
      ]
    },
    {
      "module": "module.eks[\"eks_project\"]",
      "mode": "managed",
      "type": "aws_iam_role",
      "name": "worker",
      "provider": "provider[\"registry.terraform.io/hashicorp/aws\"]",
      "instances": [
        {
          "schema_version": 0,
          "attributes": {
            "arn": "arn:aws:iam::439148944274:role/eksworker_iam_role3",
            "assume_role_policy": "{\"Statement\":[{\"Action\":\"sts:AssumeRole\",\"Effect\":\"Allow\",\"Principal\":{\"Service\":\"ec2.amazonaws.com\"}}],\"Version\":\"2012-10-17\"}",
            "create_date": "2023-10-01T01:36:02Z",
            "description": "",
            "force_detach_policies": false,
            "id": "eksworker_iam_role3",
            "inline_policy": [],
            "managed_policy_arns": [],
            "max_session_duration": 3600,
            "name": "eksworker_iam_role3",
            "name_prefix": "",
            "path": "/",
            "permissions_boundary": null,
            "role_last_used": [
              {
                "last_used_date": "",
                "region": ""
              }
            ],
            "tags": null,
            "tags_all": {},
            "unique_id": "AROAWMP2RDOJEQTVERZOT"
          },
          "sensitive_attributes": [],
          "private": "bnVsbA=="
        }
      ]
    },
    {
      "module": "module.eks[\"eks_project\"]",
      "mode": "managed",
      "type": "aws_iam_role_policy_attachment",
      "name": "AmazonEC2ContainerRegistryReadOnly",
      "provider": "provider[\"registry.terraform.io/hashicorp/aws\"]",
      "instances": [
        {
          "schema_version": 0,
          "attributes": {
            "id": "eksworker_iam_role3-20231001013605283500000009",
            "policy_arn": "arn:aws:iam::aws:policy/AmazonEC2ContainerRegistryReadOnly",
            "role": "eksworker_iam_role3"
          },
          "sensitive_attributes": [],
          "private": "bnVsbA==",
          "dependencies": [
            "module.eks.aws_iam_role.worker"
          ]
        }
      ]
    },
    {
      "module": "module.eks[\"eks_project\"]",
      "mode": "managed",
      "type": "aws_iam_role_policy_attachment",
      "name": "AmazonEKSClusterPolicy",
      "provider": "provider[\"registry.terraform.io/hashicorp/aws\"]",
      "instances": [
        {
          "schema_version": 0,
          "attributes": {
            "id": "eksmaster_iam_role3-20231001013604039900000001",
            "policy_arn": "arn:aws:iam::aws:policy/AmazonEKSClusterPolicy",
            "role": "eksmaster_iam_role3"
          },
          "sensitive_attributes": [],
          "private": "bnVsbA==",
          "dependencies": [
            "module.eks.aws_iam_role.master"
          ]
        }
      ]
    },
    {
      "module": "module.eks[\"eks_project\"]",
      "mode": "managed",
      "type": "aws_iam_role_policy_attachment",
      "name": "AmazonEKSServicePolicy",
      "provider": "provider[\"registry.terraform.io/hashicorp/aws\"]",
      "instances": [
        {
          "schema_version": 0,
          "attributes": {
            "id": "eksmaster_iam_role3-20231001013604080400000002",
            "policy_arn": "arn:aws:iam::aws:policy/AmazonEKSServicePolicy",
            "role": "eksmaster_iam_role3"
          },
          "sensitive_attributes": [],
          "private": "bnVsbA==",
          "dependencies": [
            "module.eks.aws_iam_role.master"
          ]
        }
      ]
    },
    {
      "module": "module.eks[\"eks_project\"]",
      "mode": "managed",
      "type": "aws_iam_role_policy_attachment",
      "name": "AmazonEKSVPCResourceController",
      "provider": "provider[\"registry.terraform.io/hashicorp/aws\"]",
      "instances": [
        {
          "schema_version": 0,
          "attributes": {
            "id": "eksmaster_iam_role3-20231001013604316600000003",
            "policy_arn": "arn:aws:iam::aws:policy/AmazonEKSVPCResourceController",
            "role": "eksmaster_iam_role3"
          },
          "sensitive_attributes": [],
          "private": "bnVsbA==",
          "dependencies": [
            "module.eks.aws_iam_role.master"
          ]
        }
      ]
    },
    {
      "module": "module.eks[\"eks_project\"]",
      "mode": "managed",
      "type": "aws_iam_role_policy_attachment",
      "name": "AmazonEKSWorkerNodePolicy",
      "provider": "provider[\"registry.terraform.io/hashicorp/aws\"]",
      "instances": [
        {
          "schema_version": 0,
          "attributes": {
            "id": "eksworker_iam_role3-20231001013604751100000004",
            "policy_arn": "arn:aws:iam::aws:policy/AmazonEKSWorkerNodePolicy",
            "role": "eksworker_iam_role3"
          },
          "sensitive_attributes": [],
          "private": "bnVsbA==",
          "dependencies": [
            "module.eks.aws_iam_role.worker"
          ]
        }
      ]
    },
    {
      "module": "module.eks[\"eks_project\"]",
      "mode": "managed",
      "type": "aws_iam_role_policy_attachment",
      "name": "AmazonEKS_CNI_Policy",
      "provider": "provider[\"registry.terraform.io/hashicorp/aws\"]",
      "instances": [
        {
          "schema_version": 0,
          "attributes": {
            "id": "eksworker_iam_role3-20231001013605174500000008",
            "policy_arn": "arn:aws:iam::aws:policy/AmazonEKS_CNI_Policy",
            "role": "eksworker_iam_role3"
          },
          "sensitive_attributes": [],
          "private": "bnVsbA==",
          "dependencies": [
            "module.eks.aws_iam_role.worker"
          ]
        }
      ]
    },
    {
      "module": "module.eks[\"eks_project\"]",
      "mode": "managed",
      "type": "aws_iam_role_policy_attachment",
      "name": "AmazonSSMManagedInstanceCore",
      "provider": "provider[\"registry.terraform.io/hashicorp/aws\"]",
      "instances": [
        {
          "schema_version": 0,
          "attributes": {
            "id": "eksworker_iam_role3-2023100101360550260000000a",
            "policy_arn": "arn:aws:iam::aws:policy/AmazonSSMManagedInstanceCore",
            "role": "eksworker_iam_role3"
          },
          "sensitive_attributes": [],
          "private": "bnVsbA==",
          "dependencies": [
            "module.eks.aws_iam_role.worker"
          ]
        }
      ]
    },
    {
      "module": "module.eks[\"eks_project\"]",
      "mode": "managed",
      "type": "aws_iam_role_policy_attachment",
      "name": "autoscaler",
      "provider": "provider[\"registry.terraform.io/hashicorp/aws\"]",
      "instances": [
        {
          "schema_version": 0,
          "attributes": {
            "id": "eksworker_iam_role3-20231001013605163200000007",
            "policy_arn": "arn:aws:iam::439148944274:policy/autoscaler_role",
            "role": "eksworker_iam_role3"
          },
          "sensitive_attributes": [],
          "private": "bnVsbA==",
          "dependencies": [
            "module.eks.aws_iam_policy.autoscaler",
            "module.eks.aws_iam_role.worker"
          ]
        }
      ]
    },
    {
      "module": "module.eks[\"eks_project\"]",
      "mode": "managed",
      "type": "aws_iam_role_policy_attachment",
      "name": "s3",
      "provider": "provider[\"registry.terraform.io/hashicorp/aws\"]",
      "instances": [
        {
          "schema_version": 0,
          "attributes": {
            "id": "eksworker_iam_role3-20231001013605146400000006",
            "policy_arn": "arn:aws:iam::aws:policy/AmazonS3ReadOnlyAccess",
            "role": "eksworker_iam_role3"
          },
          "sensitive_attributes": [],
          "private": "bnVsbA==",
          "dependencies": [
            "module.eks.aws_iam_role.worker"
          ]
        }
      ]
    },
    {
      "module": "module.eks[\"eks_project\"]",
      "mode": "managed",
      "type": "aws_iam_role_policy_attachment",
      "name": "x-ray",
      "provider": "provider[\"registry.terraform.io/hashicorp/aws\"]",
      "instances": [
        {
          "schema_version": 0,
          "attributes": {
            "id": "eksworker_iam_role3-20231001013604832100000005",
            "policy_arn": "arn:aws:iam::aws:policy/AWSXRayDaemonWriteAccess",
            "role": "eksworker_iam_role3"
          },
          "sensitive_attributes": [],
          "private": "bnVsbA==",
          "dependencies": [
            "module.eks.aws_iam_role.worker"
          ]
        }
      ]
    },
    {
      "module": "module.network[\"vpc1\"]",
      "mode": "managed",
      "type": "aws_eip",
      "name": "nat",
      "provider": "provider[\"registry.terraform.io/hashicorp/aws\"]",
      "instances": [
        {
          "schema_version": 0,
          "attributes": {
            "address": null,
            "allocation_id": "eipalloc-0756a0dd737356f05",
            "associate_with_private_ip": null,
            "association_id": "",
            "carrier_ip": "",
            "customer_owned_ip": "",
            "customer_owned_ipv4_pool": "",
            "domain": "vpc",
            "id": "eipalloc-0756a0dd737356f05",
            "instance": "",
            "network_border_group": "ap-southeast-1",
            "network_interface": "",
            "private_dns": null,
            "private_ip": "",
            "public_dns": "ec2-13-213-145-135.ap-southeast-1.compute.amazonaws.com",
            "public_ip": "13.213.145.135",
            "public_ipv4_pool": "amazon",
            "tags": null,
            "tags_all": {},
            "timeouts": null,
            "vpc": true
          },
          "sensitive_attributes": [],
          "private": "eyJlMmJmYjczMC1lY2FhLTExZTYtOGY4OC0zNDM2M2JjN2M0YzAiOnsiZGVsZXRlIjoxODAwMDAwMDAwMDAsInJlYWQiOjkwMDAwMDAwMDAwMCwidXBkYXRlIjozMDAwMDAwMDAwMDB9fQ=="
        }
      ]
    },
    {
      "module": "module.network[\"vpc1\"]",
      "mode": "managed",
      "type": "aws_internet_gateway",
      "name": "this",
      "provider": "provider[\"registry.terraform.io/hashicorp/aws\"]",
      "instances": [
        {
          "schema_version": 0,
          "attributes": {
            "arn": "arn:aws:ec2:ap-southeast-1:439148944274:internet-gateway/igw-0c62773f0b5b438f6",
            "id": "igw-0c62773f0b5b438f6",
            "owner_id": "439148944274",
            "tags": {
              "Name": "igw1"
            },
            "tags_all": {
              "Name": "igw1"
            },
            "timeouts": null,
            "vpc_id": "vpc-031805d071d047e1e"
          },
          "sensitive_attributes": [],
          "private": "eyJlMmJmYjczMC1lY2FhLTExZTYtOGY4OC0zNDM2M2JjN2M0YzAiOnsiY3JlYXRlIjoxMjAwMDAwMDAwMDAwLCJkZWxldGUiOjEyMDAwMDAwMDAwMDAsInVwZGF0ZSI6MTIwMDAwMDAwMDAwMH19",
          "dependencies": [
            "module.network.aws_vpc.this"
          ]
        }
      ]
    },
    {
      "module": "module.network[\"vpc1\"]",
      "mode": "managed",
      "type": "aws_nat_gateway",
      "name": "this",
      "provider": "provider[\"registry.terraform.io/hashicorp/aws\"]",
      "instances": [
        {
          "schema_version": 0,
          "attributes": {
            "allocation_id": "eipalloc-0756a0dd737356f05",
            "association_id": "eipassoc-0221704bbe959c038",
            "connectivity_type": "public",
            "id": "nat-031b866e8b90f42aa",
            "network_interface_id": "eni-0606b50cc55bd333c",
            "private_ip": "10.16.8.172",
            "public_ip": "13.213.145.135",
            "subnet_id": "subnet-07f8768d856e112f1",
            "tags": null,
            "tags_all": {}
          },
          "sensitive_attributes": [],
          "private": "bnVsbA==",
          "dependencies": [
            "module.network.aws_eip.nat",
            "module.network.aws_internet_gateway.this",
            "module.network.aws_subnet.public_subnets",
            "module.network.aws_vpc.this"
          ]
        }
      ]
    },
    {
      "module": "module.network[\"vpc1\"]",
      "mode": "managed",
      "type": "aws_route",
      "name": "private_rt_routes",
      "provider": "provider[\"registry.terraform.io/hashicorp/aws\"]",
      "instances": [
        {
          "index_key": "internet",
          "schema_version": 0,
          "attributes": {
            "carrier_gateway_id": "",
            "core_network_arn": "",
            "destination_cidr_block": "0.0.0.0/0",
            "destination_ipv6_cidr_block": "",
            "destination_prefix_list_id": "",
            "egress_only_gateway_id": "",
            "gateway_id": "",
            "id": "r-rtb-0b420e0d24369c9e21080289494",
            "instance_id": "",
            "instance_owner_id": "",
            "local_gateway_id": "",
            "nat_gateway_id": "nat-031b866e8b90f42aa",
            "network_interface_id": "",
            "origin": "CreateRoute",
            "route_table_id": "rtb-0b420e0d24369c9e2",
            "state": "active",
            "timeouts": null,
            "transit_gateway_id": "",
            "vpc_endpoint_id": "",
            "vpc_peering_connection_id": ""
          },
          "sensitive_attributes": [],
          "private": "eyJlMmJmYjczMC1lY2FhLTExZTYtOGY4OC0zNDM2M2JjN2M0YzAiOnsiY3JlYXRlIjozMDAwMDAwMDAwMDAsImRlbGV0ZSI6MzAwMDAwMDAwMDAwLCJ1cGRhdGUiOjEyMDAwMDAwMDAwMH19",
          "dependencies": [
            "module.network.aws_eip.nat",
            "module.network.aws_internet_gateway.this",
            "module.network.aws_nat_gateway.this",
            "module.network.aws_route_table.private_rt",
            "module.network.aws_subnet.public_subnets",
            "module.network.aws_vpc.this"
          ]
        }
      ]
    },
    {
      "module": "module.network[\"vpc1\"]",
      "mode": "managed",
      "type": "aws_route",
      "name": "public_rt_routes",
      "provider": "provider[\"registry.terraform.io/hashicorp/aws\"]",
      "instances": [
        {
          "index_key": "internet",
          "schema_version": 0,
          "attributes": {
            "carrier_gateway_id": "",
            "core_network_arn": "",
            "destination_cidr_block": "0.0.0.0/0",
            "destination_ipv6_cidr_block": "",
            "destination_prefix_list_id": "",
            "egress_only_gateway_id": "",
            "gateway_id": "igw-0c62773f0b5b438f6",
            "id": "r-rtb-0b4851fd0cbb0491e1080289494",
            "instance_id": "",
            "instance_owner_id": "",
            "local_gateway_id": "",
            "nat_gateway_id": "",
            "network_interface_id": "",
            "origin": "CreateRoute",
            "route_table_id": "rtb-0b4851fd0cbb0491e",
            "state": "active",
            "timeouts": null,
            "transit_gateway_id": "",
            "vpc_endpoint_id": "",
            "vpc_peering_connection_id": ""
          },
          "sensitive_attributes": [],
          "private": "eyJlMmJmYjczMC1lY2FhLTExZTYtOGY4OC0zNDM2M2JjN2M0YzAiOnsiY3JlYXRlIjozMDAwMDAwMDAwMDAsImRlbGV0ZSI6MzAwMDAwMDAwMDAwLCJ1cGRhdGUiOjEyMDAwMDAwMDAwMH19",
          "dependencies": [
            "module.network.aws_internet_gateway.this",
            "module.network.aws_route_table.public_rt",
            "module.network.aws_vpc.this"
          ]
        }
      ]
    },
    {
      "module": "module.network[\"vpc1\"]",
      "mode": "managed",
      "type": "aws_route_table",
      "name": "private_rt",
      "provider": "provider[\"registry.terraform.io/hashicorp/aws\"]",
      "instances": [
        {
          "schema_version": 0,
          "attributes": {
            "arn": "arn:aws:ec2:ap-southeast-1:439148944274:route-table/rtb-0b420e0d24369c9e2",
            "id": "rtb-0b420e0d24369c9e2",
            "owner_id": "439148944274",
            "propagating_vgws": [],
            "route": [],
            "tags": {
              "Name": "private1_rt"
            },
            "tags_all": {
              "Name": "private1_rt"
            },
            "timeouts": null,
            "vpc_id": "vpc-031805d071d047e1e"
          },
          "sensitive_attributes": [],
          "private": "eyJlMmJmYjczMC1lY2FhLTExZTYtOGY4OC0zNDM2M2JjN2M0YzAiOnsiY3JlYXRlIjozMDAwMDAwMDAwMDAsImRlbGV0ZSI6MzAwMDAwMDAwMDAwLCJ1cGRhdGUiOjEyMDAwMDAwMDAwMH19",
          "dependencies": [
            "module.network.aws_vpc.this"
          ]
        }
      ]
    },
    {
      "module": "module.network[\"vpc1\"]",
      "mode": "managed",
      "type": "aws_route_table",
      "name": "public_rt",
      "provider": "provider[\"registry.terraform.io/hashicorp/aws\"]",
      "instances": [
        {
          "schema_version": 0,
          "attributes": {
            "arn": "arn:aws:ec2:ap-southeast-1:439148944274:route-table/rtb-0b4851fd0cbb0491e",
            "id": "rtb-0b4851fd0cbb0491e",
            "owner_id": "439148944274",
            "propagating_vgws": [],
            "route": [],
            "tags": {
              "Name": "pubblic1_rt"
            },
            "tags_all": {
              "Name": "pubblic1_rt"
            },
            "timeouts": null,
            "vpc_id": "vpc-031805d071d047e1e"
          },
          "sensitive_attributes": [],
          "private": "eyJlMmJmYjczMC1lY2FhLTExZTYtOGY4OC0zNDM2M2JjN2M0YzAiOnsiY3JlYXRlIjozMDAwMDAwMDAwMDAsImRlbGV0ZSI6MzAwMDAwMDAwMDAwLCJ1cGRhdGUiOjEyMDAwMDAwMDAwMH19",
          "dependencies": [
            "module.network.aws_vpc.this"
          ]
        }
      ]
    },
    {
      "module": "module.network[\"vpc1\"]",
      "mode": "managed",
      "type": "aws_route_table_association",
      "name": "private_subnet_asso",
      "provider": "provider[\"registry.terraform.io/hashicorp/aws\"]",
      "instances": [
        {
          "index_key": "private_subnet_1",
          "schema_version": 0,
          "attributes": {
            "gateway_id": "",
            "id": "rtbassoc-0e6ef208876b3501e",
            "route_table_id": "rtb-0b420e0d24369c9e2",
            "subnet_id": "subnet-021cd74e709a74ed3",
            "timeouts": null
          },
          "sensitive_attributes": [],
          "private": "eyJlMmJmYjczMC1lY2FhLTExZTYtOGY4OC0zNDM2M2JjN2M0YzAiOnsiY3JlYXRlIjozMDAwMDAwMDAwMDAsImRlbGV0ZSI6MzAwMDAwMDAwMDAwLCJ1cGRhdGUiOjEyMDAwMDAwMDAwMH19",
          "dependencies": [
            "module.network.aws_route_table.private_rt",
            "module.network.aws_subnet.private_subnets",
            "module.network.aws_vpc.this"
          ]
        }
      ]
    },
    {
      "module": "module.network[\"vpc1\"]",
      "mode": "managed",
      "type": "aws_route_table_association",
      "name": "public_subnet_asso",
      "provider": "provider[\"registry.terraform.io/hashicorp/aws\"]",
      "instances": [
        {
          "index_key": "public_subnet_1",
          "schema_version": 0,
          "attributes": {
            "gateway_id": "",
            "id": "rtbassoc-09b92adca256a2ad1",
            "route_table_id": "rtb-0b4851fd0cbb0491e",
            "subnet_id": "subnet-07f8768d856e112f1",
            "timeouts": null
          },
          "sensitive_attributes": [],
          "private": "eyJlMmJmYjczMC1lY2FhLTExZTYtOGY4OC0zNDM2M2JjN2M0YzAiOnsiY3JlYXRlIjozMDAwMDAwMDAwMDAsImRlbGV0ZSI6MzAwMDAwMDAwMDAwLCJ1cGRhdGUiOjEyMDAwMDAwMDAwMH19",
          "dependencies": [
            "module.network.aws_route_table.public_rt",
            "module.network.aws_subnet.public_subnets",
            "module.network.aws_vpc.this"
          ]
        },
        {
          "index_key": "public_subnet_2",
          "schema_version": 0,
          "attributes": {
            "gateway_id": "",
            "id": "rtbassoc-0c64545d6860eedd1",
            "route_table_id": "rtb-0b4851fd0cbb0491e",
            "subnet_id": "subnet-0018f8d93bdf35f09",
            "timeouts": null
          },
          "sensitive_attributes": [],
          "private": "eyJlMmJmYjczMC1lY2FhLTExZTYtOGY4OC0zNDM2M2JjN2M0YzAiOnsiY3JlYXRlIjozMDAwMDAwMDAwMDAsImRlbGV0ZSI6MzAwMDAwMDAwMDAwLCJ1cGRhdGUiOjEyMDAwMDAwMDAwMH19",
          "dependencies": [
            "module.network.aws_route_table.public_rt",
            "module.network.aws_subnet.public_subnets",
            "module.network.aws_vpc.this"
          ]
        }
      ]
    },
    {
      "module": "module.network[\"vpc1\"]",
      "mode": "managed",
      "type": "aws_subnet",
      "name": "private_subnets",
      "provider": "provider[\"registry.terraform.io/hashicorp/aws\"]",
      "instances": [
        {
          "index_key": "private_subnet_1",
          "schema_version": 1,
          "attributes": {
            "arn": "arn:aws:ec2:ap-southeast-1:439148944274:subnet/subnet-021cd74e709a74ed3",
            "assign_ipv6_address_on_creation": false,
            "availability_zone": "ap-southeast-1a",
            "availability_zone_id": "apse1-az1",
            "cidr_block": "10.16.32.0/20",
            "customer_owned_ipv4_pool": "",
            "enable_dns64": false,
            "enable_lni_at_device_index": 0,
            "enable_resource_name_dns_a_record_on_launch": false,
            "enable_resource_name_dns_aaaa_record_on_launch": false,
            "id": "subnet-021cd74e709a74ed3",
            "ipv6_cidr_block": "",
            "ipv6_cidr_block_association_id": "",
            "ipv6_native": false,
            "map_customer_owned_ip_on_launch": false,
            "map_public_ip_on_launch": false,
            "outpost_arn": "",
            "owner_id": "439148944274",
            "private_dns_hostname_type_on_launch": "ip-name",
            "tags": {
              "Name": "private_subnet_1"
            },
            "tags_all": {
              "Name": "private_subnet_1"
            },
            "timeouts": null,
            "vpc_id": "vpc-031805d071d047e1e"
          },
          "sensitive_attributes": [],
          "private": "eyJlMmJmYjczMC1lY2FhLTExZTYtOGY4OC0zNDM2M2JjN2M0YzAiOnsiY3JlYXRlIjo2MDAwMDAwMDAwMDAsImRlbGV0ZSI6MTIwMDAwMDAwMDAwMH0sInNjaGVtYV92ZXJzaW9uIjoiMSJ9",
          "dependencies": [
            "module.network.aws_vpc.this"
          ]
        }
      ]
    },
    {
      "module": "module.network[\"vpc1\"]",
      "mode": "managed",
      "type": "aws_subnet",
      "name": "public_subnets",
      "provider": "provider[\"registry.terraform.io/hashicorp/aws\"]",
      "instances": [
        {
          "index_key": "public_subnet_1",
          "schema_version": 1,
          "attributes": {
            "arn": "arn:aws:ec2:ap-southeast-1:439148944274:subnet/subnet-07f8768d856e112f1",
            "assign_ipv6_address_on_creation": false,
            "availability_zone": "ap-southeast-1a",
            "availability_zone_id": "apse1-az1",
            "cidr_block": "10.16.0.0/20",
            "customer_owned_ipv4_pool": "",
            "enable_dns64": false,
            "enable_lni_at_device_index": 0,
            "enable_resource_name_dns_a_record_on_launch": false,
            "enable_resource_name_dns_aaaa_record_on_launch": false,
            "id": "subnet-07f8768d856e112f1",
            "ipv6_cidr_block": "",
            "ipv6_cidr_block_association_id": "",
            "ipv6_native": false,
            "map_customer_owned_ip_on_launch": false,
            "map_public_ip_on_launch": true,
            "outpost_arn": "",
            "owner_id": "439148944274",
            "private_dns_hostname_type_on_launch": "ip-name",
            "tags": {
              "Name": "public_subnet_1"
            },
            "tags_all": {
              "Name": "public_subnet_1"
            },
            "timeouts": null,
            "vpc_id": "vpc-031805d071d047e1e"
          },
          "sensitive_attributes": [],
          "private": "eyJlMmJmYjczMC1lY2FhLTExZTYtOGY4OC0zNDM2M2JjN2M0YzAiOnsiY3JlYXRlIjo2MDAwMDAwMDAwMDAsImRlbGV0ZSI6MTIwMDAwMDAwMDAwMH0sInNjaGVtYV92ZXJzaW9uIjoiMSJ9",
          "dependencies": [
            "module.network.aws_vpc.this"
          ]
        },
        {
          "index_key": "public_subnet_2",
          "schema_version": 1,
          "attributes": {
            "arn": "arn:aws:ec2:ap-southeast-1:439148944274:subnet/subnet-0018f8d93bdf35f09",
            "assign_ipv6_address_on_creation": false,
            "availability_zone": "ap-southeast-1b",
            "availability_zone_id": "apse1-az2",
            "cidr_block": "10.16.16.0/20",
            "customer_owned_ipv4_pool": "",
            "enable_dns64": false,
            "enable_lni_at_device_index": 0,
            "enable_resource_name_dns_a_record_on_launch": false,
            "enable_resource_name_dns_aaaa_record_on_launch": false,
            "id": "subnet-0018f8d93bdf35f09",
            "ipv6_cidr_block": "",
            "ipv6_cidr_block_association_id": "",
            "ipv6_native": false,
            "map_customer_owned_ip_on_launch": false,
            "map_public_ip_on_launch": true,
            "outpost_arn": "",
            "owner_id": "439148944274",
            "private_dns_hostname_type_on_launch": "ip-name",
            "tags": {
              "Name": "public_subnet_2"
            },
            "tags_all": {
              "Name": "public_subnet_2"
            },
            "timeouts": null,
            "vpc_id": "vpc-031805d071d047e1e"
          },
          "sensitive_attributes": [],
          "private": "eyJlMmJmYjczMC1lY2FhLTExZTYtOGY4OC0zNDM2M2JjN2M0YzAiOnsiY3JlYXRlIjo2MDAwMDAwMDAwMDAsImRlbGV0ZSI6MTIwMDAwMDAwMDAwMH0sInNjaGVtYV92ZXJzaW9uIjoiMSJ9",
          "dependencies": [
            "module.network.aws_vpc.this"
          ]
        }
      ]
    },
    {
      "module": "module.network[\"vpc1\"]",
      "mode": "managed",
      "type": "aws_vpc",
      "name": "this",
      "provider": "provider[\"registry.terraform.io/hashicorp/aws\"]",
      "instances": [
        {
          "schema_version": 1,
          "attributes": {
            "arn": "arn:aws:ec2:ap-southeast-1:439148944274:vpc/vpc-031805d071d047e1e",
            "assign_generated_ipv6_cidr_block": false,
            "cidr_block": "10.16.0.0/16",
            "default_network_acl_id": "acl-01e90a916aa937425",
            "default_route_table_id": "rtb-09dd0cc2c5b0af31c",
            "default_security_group_id": "sg-013473176a2094d41",
            "dhcp_options_id": "dopt-04ddb5f5c5c2563dd",
            "enable_classiclink": false,
            "enable_classiclink_dns_support": false,
            "enable_dns_hostnames": true,
            "enable_dns_support": true,
            "enable_network_address_usage_metrics": false,
            "id": "vpc-031805d071d047e1e",
            "instance_tenancy": "default",
            "ipv4_ipam_pool_id": null,
            "ipv4_netmask_length": null,
            "ipv6_association_id": "",
            "ipv6_cidr_block": "",
            "ipv6_cidr_block_network_border_group": "",
            "ipv6_ipam_pool_id": "",
            "ipv6_netmask_length": 0,
            "main_route_table_id": "rtb-09dd0cc2c5b0af31c",
            "owner_id": "439148944274",
            "tags": {
              "Name": "vpc1"
            },
            "tags_all": {
              "Name": "vpc1"
            }
          },
          "sensitive_attributes": [],
          "private": "eyJzY2hlbWFfdmVyc2lvbiI6IjEifQ=="
        }
      ]
    },
    {
      "module": "module.s3[\"react_web\"]",
      "mode": "managed",
      "type": "aws_s3_bucket",
      "name": "this",
      "provider": "provider[\"registry.terraform.io/hashicorp/aws\"]",
      "instances": [
        {
          "schema_version": 0,
          "attributes": {
            "acceleration_status": "",
            "acl": null,
            "arn": "arn:aws:s3:::s3-logsfsoft",
            "bucket": "s3-logsfsoft",
            "bucket_domain_name": "s3-logsfsoft.s3.amazonaws.com",
            "bucket_prefix": "",
            "bucket_regional_domain_name": "s3-logsfsoft.s3.ap-southeast-1.amazonaws.com",
            "cors_rule": [],
            "force_destroy": true,
            "grant": [
              {
                "id": "6837f483841a9136c36d877853d3e0a51c88854029ff43fd0a7a85f7dd483575",
                "permissions": [
                  "FULL_CONTROL"
                ],
                "type": "CanonicalUser",
                "uri": ""
              }
            ],
            "hosted_zone_id": "Z3O0J2DXBE1FTB",
            "id": "s3-logsfsoft",
            "lifecycle_rule": [],
            "logging": [],
            "object_lock_configuration": [],
            "object_lock_enabled": false,
            "policy": "",
            "region": "ap-southeast-1",
            "replication_configuration": [],
            "request_payer": "BucketOwner",
            "server_side_encryption_configuration": [
              {
                "rule": [
                  {
                    "apply_server_side_encryption_by_default": [
                      {
                        "kms_master_key_id": "",
                        "sse_algorithm": "AES256"
                      }
                    ],
                    "bucket_key_enabled": false
                  }
                ]
              }
            ],
            "tags": null,
            "tags_all": {},
            "timeouts": null,
            "versioning": [
              {
                "enabled": false,
                "mfa_delete": false
              }
            ],
            "website": [],
            "website_domain": null,
            "website_endpoint": null
          },
          "sensitive_attributes": [],
          "private": "eyJlMmJmYjczMC1lY2FhLTExZTYtOGY4OC0zNDM2M2JjN2M0YzAiOnsiY3JlYXRlIjoxMjAwMDAwMDAwMDAwLCJkZWxldGUiOjM2MDAwMDAwMDAwMDAsInJlYWQiOjEyMDAwMDAwMDAwMDAsInVwZGF0ZSI6MTIwMDAwMDAwMDAwMH19"
        }
      ]
    },
    {
      "module": "module.s3[\"react_web\"]",
      "mode": "managed",
      "type": "aws_s3_bucket_acl",
      "name": "this",
      "provider": "provider[\"registry.terraform.io/hashicorp/aws\"]",
      "instances": [
        {
          "schema_version": 0,
          "attributes": {
            "access_control_policy": [
              {
                "grant": [
                  {
                    "grantee": [
                      {
                        "display_name": "",
                        "email_address": "",
                        "id": "",
                        "type": "Group",
                        "uri": "http://acs.amazonaws.com/groups/global/AllUsers"
                      }
                    ],
                    "permission": "READ"
                  },
                  {
                    "grantee": [
                      {
                        "display_name": "trannhatminh23082001",
                        "email_address": "",
                        "id": "6837f483841a9136c36d877853d3e0a51c88854029ff43fd0a7a85f7dd483575",
                        "type": "CanonicalUser",
                        "uri": ""
                      }
                    ],
                    "permission": "FULL_CONTROL"
                  }
                ],
                "owner": [
                  {
                    "display_name": "trannhatminh23082001",
                    "id": "6837f483841a9136c36d877853d3e0a51c88854029ff43fd0a7a85f7dd483575"
                  }
                ]
              }
            ],
            "acl": "public-read",
            "bucket": "s3-logsfsoft",
            "expected_bucket_owner": "",
            "id": "s3-logsfsoft,public-read"
          },
          "sensitive_attributes": [],
          "private": "bnVsbA==",
          "dependencies": [
            "module.s3.aws_s3_bucket.this",
            "module.s3.aws_s3_bucket_ownership_controls.this",
            "module.s3.aws_s3_bucket_public_access_block.this"
          ]
        }
      ]
    },
    {
      "module": "module.s3[\"react_web\"]",
      "mode": "managed",
      "type": "aws_s3_bucket_ownership_controls",
      "name": "this",
      "provider": "provider[\"registry.terraform.io/hashicorp/aws\"]",
      "instances": [
        {
          "schema_version": 0,
          "attributes": {
            "bucket": "s3-logsfsoft",
            "id": "s3-logsfsoft",
            "rule": [
              {
                "object_ownership": "BucketOwnerPreferred"
              }
            ]
          },
          "sensitive_attributes": [],
          "private": "bnVsbA==",
          "dependencies": [
            "module.s3.aws_s3_bucket.this",
            "module.s3.aws_s3_bucket_public_access_block.this"
          ]
        }
      ]
    },
    {
      "module": "module.s3[\"react_web\"]",
      "mode": "managed",
      "type": "aws_s3_bucket_policy",
      "name": "allow_access_from_public",
      "provider": "provider[\"registry.terraform.io/hashicorp/aws\"]",
      "instances": [
        {
          "schema_version": 0,
          "attributes": {
            "bucket": "s3-logsfsoft",
            "id": "s3-logsfsoft",
            "policy": "{\"Id\":\"s3-logsfsoft\",\"Statement\":[{\"Action\":[\"s3:*\"],\"Effect\":\"Allow\",\"Principal\":{\"AWS\":\"*\"},\"Resource\":[\"arn:aws:s3:::s3-logsfsoft\",\"arn:aws:s3:::s3-logsfsoft/*\"],\"Sid\":\"Enable IAM User Permissions\"}],\"Version\":\"2012-10-17\"}"
          },
          "sensitive_attributes": [],
          "private": "bnVsbA==",
          "dependencies": [
            "module.s3.aws_s3_bucket.this",
            "module.s3.aws_s3_bucket_public_access_block.this"
          ]
        }
      ]
    },
    {
      "module": "module.s3[\"react_web\"]",
      "mode": "managed",
      "type": "aws_s3_bucket_public_access_block",
      "name": "this",
      "provider": "provider[\"registry.terraform.io/hashicorp/aws\"]",
      "instances": [
        {
          "index_key": "blocks",
          "schema_version": 0,
          "attributes": {
            "block_public_acls": false,
            "block_public_policy": false,
            "bucket": "s3-logsfsoft",
            "id": "s3-logsfsoft",
            "ignore_public_acls": false,
            "restrict_public_buckets": false
          },
          "sensitive_attributes": [],
          "private": "bnVsbA==",
          "dependencies": [
            "module.s3.aws_s3_bucket.this"
          ]
        }
      ]
    },
    {
      "module": "module.sg[\"sg1\"]",
      "mode": "managed",
      "type": "aws_security_group",
      "name": "this",
      "provider": "provider[\"registry.terraform.io/hashicorp/aws\"]",
      "instances": [
        {
          "schema_version": 1,
          "attributes": {
            "arn": "arn:aws:ec2:ap-southeast-1:439148944274:security-group/sg-0fe66b0fb94cfe234",
            "description": "Managed by Terraform",
            "egress": [
              {
                "cidr_blocks": [
                  "0.0.0.0/0"
                ],
                "description": "",
                "from_port": 0,
                "ipv6_cidr_blocks": [],
                "prefix_list_ids": [],
                "protocol": "-1",
                "security_groups": [],
                "self": false,
                "to_port": 0
              }
            ],
            "id": "sg-0fe66b0fb94cfe234",
            "ingress": [
              {
                "cidr_blocks": [
                  "0.0.0.0/0"
                ],
                "description": "",
                "from_port": 0,
                "ipv6_cidr_blocks": [],
                "prefix_list_ids": [],
                "protocol": "tcp",
                "security_groups": [],
                "self": false,
                "to_port": 65535
              }
            ],
            "name": "sg1",
            "name_prefix": "",
            "owner_id": "439148944274",
            "revoke_rules_on_delete": false,
            "tags": null,
            "tags_all": {},
            "timeouts": null,
            "vpc_id": "vpc-031805d071d047e1e"
          },
          "sensitive_attributes": [],
          "private": "eyJlMmJmYjczMC1lY2FhLTExZTYtOGY4OC0zNDM2M2JjN2M0YzAiOnsiY3JlYXRlIjo2MDAwMDAwMDAwMDAsImRlbGV0ZSI6OTAwMDAwMDAwMDAwfSwic2NoZW1hX3ZlcnNpb24iOiIxIn0=",
          "dependencies": [
            "aws_default_subnet.this",
            "module.network.aws_eip.nat",
            "module.network.aws_internet_gateway.this",
            "module.network.aws_nat_gateway.this",
            "module.network.aws_route.private_rt_routes",
            "module.network.aws_route.public_rt_routes",
            "module.network.aws_route_table.private_rt",
            "module.network.aws_route_table.public_rt",
            "module.network.aws_route_table_association.private_subnet_asso",
            "module.network.aws_route_table_association.public_subnet_asso",
            "module.network.aws_subnet.private_subnets",
            "module.network.aws_subnet.public_subnets",
            "module.network.aws_vpc.this"
          ]
        }
      ]
    },
    {
      "module": "module.vm[\"ami_instance\"]",
      "mode": "managed",
      "type": "aws_ami_from_instance",
      "name": "this",
      "provider": "provider[\"registry.terraform.io/hashicorp/aws\"]",
      "instances": [
        {
          "index_key": 0,
          "schema_version": 0,
          "attributes": {
            "architecture": "x86_64",
            "arn": "arn:aws:ec2:ap-southeast-1::image/ami-00fa126c334190948",
            "boot_mode": "",
            "deprecation_time": "",
            "description": "",
            "ebs_block_device": [
              {
                "delete_on_termination": true,
                "device_name": "/dev/sda1",
                "encrypted": false,
                "iops": 0,
                "outpost_arn": "",
                "snapshot_id": "snap-001ad06a532c9971c",
                "throughput": 0,
                "volume_size": 8,
                "volume_type": "gp2"
              }
            ],
            "ena_support": true,
            "ephemeral_block_device": [
              {
                "device_name": "/dev/sdb",
                "virtual_name": "ephemeral0"
              },
              {
                "device_name": "/dev/sdc",
                "virtual_name": "ephemeral1"
              }
            ],
            "hypervisor": "xen",
            "id": "ami-00fa126c334190948",
            "image_location": "439148944274/ec2_ami",
            "image_owner_alias": "",
            "image_type": "machine",
            "imds_support": "",
            "kernel_id": "",
            "manage_ebs_snapshots": true,
            "name": "ec2_ami",
            "owner_id": "439148944274",
            "platform": "",
            "platform_details": "Linux/UNIX",
            "public": false,
            "ramdisk_id": "",
            "root_device_name": "/dev/sda1",
            "root_snapshot_id": "snap-001ad06a532c9971c",
            "snapshot_without_reboot": null,
            "source_instance_id": "i-03a1ddbcd986d9a30",
            "sriov_net_support": "simple",
            "tags": {
              "Name": "ec2_ami"
            },
            "tags_all": {
              "Name": "ec2_ami"
            },
            "timeouts": null,
            "tpm_support": "",
            "usage_operation": "RunInstances",
            "virtualization_type": "hvm"
          },
          "sensitive_attributes": [],
          "private": "eyJlMmJmYjczMC1lY2FhLTExZTYtOGY4OC0zNDM2M2JjN2M0YzAiOnsiY3JlYXRlIjoyNDAwMDAwMDAwMDAwLCJkZWxldGUiOjU0MDAwMDAwMDAwMDAsInVwZGF0ZSI6MjQwMDAwMDAwMDAwMH19",
          "dependencies": [
            "aws_default_subnet.this",
            "module.network.aws_eip.nat",
            "module.network.aws_internet_gateway.this",
            "module.network.aws_nat_gateway.this",
            "module.network.aws_route.private_rt_routes",
            "module.network.aws_route.public_rt_routes",
            "module.network.aws_route_table.private_rt",
            "module.network.aws_route_table.public_rt",
            "module.network.aws_route_table_association.private_subnet_asso",
            "module.network.aws_route_table_association.public_subnet_asso",
            "module.network.aws_subnet.private_subnets",
            "module.network.aws_subnet.public_subnets",
            "module.network.aws_vpc.this",
            "module.sg.aws_security_group.this",
            "module.vm.aws_instance.this"
          ]
        }
      ]
    },
    {
      "module": "module.vm[\"ami_instance\"]",
      "mode": "managed",
      "type": "aws_eip",
      "name": "this",
      "provider": "provider[\"registry.terraform.io/hashicorp/aws\"]",
      "instances": [
        {
          "index_key": 0,
          "schema_version": 0,
          "attributes": {
            "address": null,
            "allocation_id": "eipalloc-00bb27c26eda96fe9",
            "associate_with_private_ip": null,
            "association_id": "eipassoc-0b14853a8a3187bbe",
            "carrier_ip": "",
            "customer_owned_ip": "",
            "customer_owned_ipv4_pool": "",
            "domain": "vpc",
            "id": "eipalloc-00bb27c26eda96fe9",
            "instance": "i-03a1ddbcd986d9a30",
            "network_border_group": "ap-southeast-1",
            "network_interface": "eni-0d8e1b6ce0a052d74",
            "private_dns": "ip-10-16-10-159.ap-southeast-1.compute.internal",
            "private_ip": "10.16.10.159",
            "public_dns": "ec2-3-0-211-140.ap-southeast-1.compute.amazonaws.com",
            "public_ip": "3.0.211.140",
            "public_ipv4_pool": "amazon",
            "tags": null,
            "tags_all": {},
            "timeouts": null,
            "vpc": true
          },
          "sensitive_attributes": [],
          "private": "eyJlMmJmYjczMC1lY2FhLTExZTYtOGY4OC0zNDM2M2JjN2M0YzAiOnsiZGVsZXRlIjoxODAwMDAwMDAwMDAsInJlYWQiOjkwMDAwMDAwMDAwMCwidXBkYXRlIjozMDAwMDAwMDAwMDB9fQ==",
          "dependencies": [
            "aws_default_subnet.this",
            "module.network.aws_eip.nat",
            "module.network.aws_internet_gateway.this",
            "module.network.aws_nat_gateway.this",
            "module.network.aws_route.private_rt_routes",
            "module.network.aws_route.public_rt_routes",
            "module.network.aws_route_table.private_rt",
            "module.network.aws_route_table.public_rt",
            "module.network.aws_route_table_association.private_subnet_asso",
            "module.network.aws_route_table_association.public_subnet_asso",
            "module.network.aws_subnet.private_subnets",
            "module.network.aws_subnet.public_subnets",
            "module.network.aws_vpc.this",
            "module.sg.aws_security_group.this",
            "module.vm.aws_instance.this"
          ]
        }
      ]
    },
    {
      "module": "module.vm[\"ami_instance\"]",
      "mode": "managed",
      "type": "aws_instance",
      "name": "this",
      "provider": "provider[\"registry.terraform.io/hashicorp/aws\"]",
      "instances": [
        {
          "index_key": 0,
          "schema_version": 1,
          "attributes": {
            "ami": "ami-0df7a207adb9748c7",
            "arn": "arn:aws:ec2:ap-southeast-1:439148944274:instance/i-03a1ddbcd986d9a30",
            "associate_public_ip_address": true,
            "availability_zone": "ap-southeast-1a",
            "capacity_reservation_specification": [
              {
                "capacity_reservation_preference": "open",
                "capacity_reservation_target": []
              }
            ],
            "cpu_core_count": 1,
            "cpu_options": [
              {
                "amd_sev_snp": "",
                "core_count": 1,
                "threads_per_core": 2
              }
            ],
            "cpu_threads_per_core": 2,
            "credit_specification": [
              {
                "cpu_credits": "unlimited"
              }
            ],
            "disable_api_stop": false,
            "disable_api_termination": false,
            "ebs_block_device": [],
            "ebs_optimized": false,
            "enclave_options": [
              {
                "enabled": false
              }
            ],
            "ephemeral_block_device": [],
            "get_password_data": false,
            "hibernation": false,
            "host_id": "",
            "host_resource_group_arn": null,
            "iam_instance_profile": "",
            "id": "i-03a1ddbcd986d9a30",
            "instance_initiated_shutdown_behavior": "stop",
            "instance_state": "running",
            "instance_type": "t3.large",
            "ipv6_address_count": 0,
            "ipv6_addresses": [],
            "key_name": "devops",
            "launch_template": [],
            "maintenance_options": [
              {
                "auto_recovery": "default"
              }
            ],
            "metadata_options": [
              {
                "http_endpoint": "enabled",
                "http_put_response_hop_limit": 1,
                "http_tokens": "optional",
                "instance_metadata_tags": "disabled"
              }
            ],
            "monitoring": false,
            "network_interface": [],
            "outpost_arn": "",
            "password_data": "",
            "placement_group": "",
            "placement_partition_number": 0,
            "primary_network_interface_id": "eni-0d8e1b6ce0a052d74",
            "private_dns": "ip-10-16-10-159.ap-southeast-1.compute.internal",
            "private_dns_name_options": [
              {
                "enable_resource_name_dns_a_record": false,
                "enable_resource_name_dns_aaaa_record": false,
                "hostname_type": "ip-name"
              }
            ],
            "private_ip": "10.16.10.159",
            "public_dns": "ec2-13-215-201-235.ap-southeast-1.compute.amazonaws.com",
            "public_ip": "13.215.201.235",
            "root_block_device": [
              {
                "delete_on_termination": true,
                "device_name": "/dev/sda1",
                "encrypted": false,
                "iops": 100,
                "kms_key_id": "",
                "tags": {},
                "throughput": 0,
                "volume_id": "vol-0473f0849db6b483e",
                "volume_size": 8,
                "volume_type": "gp2"
              }
            ],
            "secondary_private_ips": [],
            "security_groups": [],
            "source_dest_check": true,
            "subnet_id": "subnet-07f8768d856e112f1",
            "tags": {
              "Name": "instance-final"
            },
            "tags_all": {
              "Name": "instance-final"
            },
            "tenancy": "default",
            "timeouts": null,
            "user_data": "1bdbb8f0d2af6518055306846e8bd6c33aea0495",
            "user_data_base64": null,
            "user_data_replace_on_change": false,
            "volume_tags": null,
            "vpc_security_group_ids": [
              "sg-0fe66b0fb94cfe234"
            ]
          },
          "sensitive_attributes": [],
          "private": "eyJlMmJmYjczMC1lY2FhLTExZTYtOGY4OC0zNDM2M2JjN2M0YzAiOnsiY3JlYXRlIjo2MDAwMDAwMDAwMDAsImRlbGV0ZSI6MTIwMDAwMDAwMDAwMCwidXBkYXRlIjo2MDAwMDAwMDAwMDB9LCJzY2hlbWFfdmVyc2lvbiI6IjEifQ==",
          "dependencies": [
            "aws_default_subnet.this",
            "module.network.aws_eip.nat",
            "module.network.aws_internet_gateway.this",
            "module.network.aws_nat_gateway.this",
            "module.network.aws_route.private_rt_routes",
            "module.network.aws_route.public_rt_routes",
            "module.network.aws_route_table.private_rt",
            "module.network.aws_route_table.public_rt",
            "module.network.aws_route_table_association.private_subnet_asso",
            "module.network.aws_route_table_association.public_subnet_asso",
            "module.network.aws_subnet.private_subnets",
            "module.network.aws_subnet.public_subnets",
            "module.network.aws_vpc.this",
            "module.sg.aws_security_group.this"
          ]
        }
      ]
    }
  ],
  "check_results": null
}
